
Microsoft Visual Studio Solution File, Format Version 12.00
# Visual Studio 15
VisualStudioVersion = 15.0.27703.2042
MinimumVisualStudioVersion = 10.0.40219.1
Project("{FAE04EC0-301F-11D3-BF4B-00C04F79EFBC}") = "LINQ", "LINQ\LINQ.csproj", "{D689086A-AFC9-4DB1-8366-FE6B2CB701F0}"
EndProject
Global
	GlobalSection(SolutionConfigurationPlatforms) = preSolution
		Debug|Any CPU = Debug|Any CPU
		Release|Any CPU = Release|Any CPU
	EndGlobalSection
	GlobalSection(ProjectConfigurationPlatforms) = postSolution
		{D689086A-AFC9-4DB1-8366-FE6B2CB701F0}.Debug|Any CPU.ActiveCfg = Debug|Any CPU
		{D689086A-AFC9-4DB1-8366-FE6B2CB701F0}.Debug|Any CPU.Build.0 = Debug|Any CPU
		{D689086A-AFC9-4DB1-8366-FE6B2CB701F0}.Release|Any CPU.ActiveCfg = Release|Any CPU
		{D689086A-AFC9-4DB1-8366-FE6B2CB701F0}.Release|Any CPU.Build.0 = Release|Any CPU
	EndGlobalSection
	GlobalSection(SolutionProperties) = preSolution
		HideSolutionNode = FALSE
	EndGlobalSection
	GlobalSection(ExtensibilityGlobals) = postSolution
		SolutionGuid = {DAB156F2-983F-4B69-9A2E-1AABB1B7D520}
	EndGlobalSection
EndGlobal
